
Microsoft Visual Studio Solution File, Format Version 12.00
# Visual Studio Version 16
VisualStudioVersion = 16.0.28803.452
MinimumVisualStudioVersion = 10.0.40219.1
Project("{FAE04EC0-301F-11D3-BF4B-00C04F79EFBC}") = "MyClasses", "MyClasses\MyClasses.csproj", "{F41197EB-EBB3-4AFE-90AB-45F9821F5961}"
EndProject
Global
	GlobalSection(SolutionConfigurationPlatforms) = preSolution
		Debug|Any CPU = Debug|Any CPU
		Release|Any CPU = Release|Any CPU
	EndGlobalSection
	GlobalSection(ProjectConfigurationPlatforms) = postSolution
		{F41197EB-EBB3-4AFE-90AB-45F9821F5961}.Debug|Any CPU.ActiveCfg = Debug|Any CPU
		{F41197EB-EBB3-4AFE-90AB-45F9821F5961}.Debug|Any CPU.Build.0 = Debug|Any CPU
		{F41197EB-EBB3-4AFE-90AB-45F9821F5961}.Release|Any CPU.ActiveCfg = Release|Any CPU
		{F41197EB-EBB3-4AFE-90AB-45F9821F5961}.Release|Any CPU.Build.0 = Release|Any CPU
	EndGlobalSection
	GlobalSection(SolutionProperties) = preSolution
		HideSolutionNode = FALSE
	EndGlobalSection
	GlobalSection(ExtensibilityGlobals) = postSolution
		SolutionGuid = {5CC14D38-5ACE-4919-A5F6-7BA9B9DF4C2E}
	EndGlobalSection
EndGlobal
